{
  "name": "gaia-global-autonomous-intelligence-for-anomaly-detection",
  "version": "0.0.0",
  "lockfileVersion": 1,
  "requires": true,
  "dependencies": {
    "react": {
      "version": "19.2.0",
      "resolved": "https://registry.npmjs.org/react/-/react-19.2.0.tgz",
      "integrity": "sha512-s1RcStKVH/3j8Uys+KLE0dMj8AO2bE6O6qLFWaGxj2d3+M/4Z6rJb6RxG5vsqz93g57t12qKf8zJ4p4g6TyjvQ==",
      "requires": {
        "loose-envify": "^1.1.0"
      }
    },
    "react-dom": {
      "version": "19.2.0",
      "resolved": "https://registry.npmjs.org/react-dom/-/react-dom-19.2.0.tgz",
      "integrity": "sha512-2Yb2aF2UK+7h2ZP86OzHsN9Jf6yHlFZfFm8Vb4n8QbY9X33j8F8aBwJ2hH9n8z8y5gzI0EH41H92yjvF9+983eJ4A==",
      "requires": {
        "loose-envify": "^1.1.0",
        "scheduler": "0.25.0"
      }
    },
    "react-router-dom": {
      "version": "7.9.6",
      "resolved": "https://registry.npmjs.org/react-router-dom/-/react-router-dom-7.9.6.tgz",
      "integrity": "sha512-9zZrH3n2K2F6T0M4mz1R8mG6l4Y+88+4u2C9vUw6d09j0b69g3b95m212X9d5Jv8f3Zm0N5JdP8f7vCz4f5Kg==",
      "requires": {
        "react-router": "7.9.6"
      }
    },
    "lucide-react": {
      "version": "0.554.0",
      "resolved": "https://registry.npmjs.org/lucide-react/-/lucide-react-0.554.0.tgz",
      "integrity": "sha512-7T1aJ0zDj6nZ3z5v8X19v01c9p8c3zJtN3Y6cEh8Pq8j4tPpWnQ5W6tI7P8M8p8qOz3w9cF4aVqO7qo6w==",
      "peer": true
    },
    "loose-envify": {
      "version": "1.4.0",
      "resolved": "https://registry.npmjs.org/loose-envify/-/loose-envify-1.4.0.tgz",
      "integrity": "sha512-tMQffI32lQZQhvQwaeG5PVT4vSJH+gT9NqEYe3j6oBR69wGgIEk6RIjA7rF8hn4wTVcog9KrWQgqfM+GQA=="
    },
    "scheduler": {
      "version": "0.25.0",
      "resolved": "https://registry.npmjs.org/scheduler/-/scheduler-0.25.0.tgz",
      "integrity": "sha512-uMLg9hxBkK07rsQh6d6MoB92Z6qGG+6PnKY64982Bv5hG3t4zZQ8+5G99J3t1P1Gk814+Yj930xXz3o05w=="
    }
  }
}